
Microsoft Visual Studio Solution File, Format Version 12.00
# Visual Studio Version 16
VisualStudioVersion = 16.0.29911.84
MinimumVisualStudioVersion = 10.0.40219.1
Project("{FAE04EC0-301F-11D3-BF4B-00C04F79EFBC}") = "Gateways.Api", "Gateways.Api\Gateways.Api.csproj", "{9D9E9753-BBEC-4976-818A-2A29A7DCC562}"
EndProject
Project("{2150E333-8FDC-42A3-9474-1A3956D46DE8}") = "Src", "Src", "{F0726F82-7FA1-474A-94D9-75FA0A030E71}"
EndProject
Project("{2150E333-8FDC-42A3-9474-1A3956D46DE8}") = "Presentation", "Presentation", "{DAF95056-C81F-4239-B546-D84452EBE9BB}"
EndProject
Project("{2150E333-8FDC-42A3-9474-1A3956D46DE8}") = "Core", "Core", "{42708C15-42E1-4ADA-B3E9-E1D631F41A40}"
EndProject
Project("{FAE04EC0-301F-11D3-BF4B-00C04F79EFBC}") = "Gateways.Service", "Gateways.Service\Gateways.Service.csproj", "{F66796AF-5BE2-48E5-A186-CEA822605757}"
EndProject
Project("{2150E333-8FDC-42A3-9474-1A3956D46DE8}") = "Common", "Common", "{4543EEAC-196F-4F7F-BC72-3298FA1D77C8}"
EndProject
Project("{FAE04EC0-301F-11D3-BF4B-00C04F79EFBC}") = "Gateways.Ground", "Gateways.Ground\Gateways.Ground.csproj", "{2CD728A0-8EED-43EC-B680-C8D6F529AD37}"
EndProject
Project("{FAE04EC0-301F-11D3-BF4B-00C04F79EFBC}") = "Gateways.UseCases", "Gateways.UseCases\Gateways.UseCases.csproj", "{90E7883B-A836-4FF2-9A8C-350584485858}"
EndProject
Project("{FAE04EC0-301F-11D3-BF4B-00C04F79EFBC}") = "Gateways.Data", "Gateways.Data\Gateways.Data.csproj", "{C03FF6C3-3093-446A-BD2A-A4400D0201ED}"
EndProject
Project("{2150E333-8FDC-42A3-9474-1A3956D46DE8}") = "Infrastructure", "Infrastructure", "{145575CD-5B24-481E-87AA-30767D37D684}"
EndProject
Project("{FAE04EC0-301F-11D3-BF4B-00C04F79EFBC}") = "Gateways.Presistance", "Gateways.Presistance\Gateways.Presistance.csproj", "{A678C03A-2448-4E11-86AC-2A54473B0278}"
EndProject
Global
	GlobalSection(SolutionConfigurationPlatforms) = preSolution
		Debug|Any CPU = Debug|Any CPU
		Release|Any CPU = Release|Any CPU
	EndGlobalSection
	GlobalSection(ProjectConfigurationPlatforms) = postSolution
		{9D9E9753-BBEC-4976-818A-2A29A7DCC562}.Debug|Any CPU.ActiveCfg = Debug|Any CPU
		{9D9E9753-BBEC-4976-818A-2A29A7DCC562}.Debug|Any CPU.Build.0 = Debug|Any CPU
		{9D9E9753-BBEC-4976-818A-2A29A7DCC562}.Release|Any CPU.ActiveCfg = Release|Any CPU
		{9D9E9753-BBEC-4976-818A-2A29A7DCC562}.Release|Any CPU.Build.0 = Release|Any CPU
		{F66796AF-5BE2-48E5-A186-CEA822605757}.Debug|Any CPU.ActiveCfg = Debug|Any CPU
		{F66796AF-5BE2-48E5-A186-CEA822605757}.Debug|Any CPU.Build.0 = Debug|Any CPU
		{F66796AF-5BE2-48E5-A186-CEA822605757}.Release|Any CPU.ActiveCfg = Release|Any CPU
		{F66796AF-5BE2-48E5-A186-CEA822605757}.Release|Any CPU.Build.0 = Release|Any CPU
		{2CD728A0-8EED-43EC-B680-C8D6F529AD37}.Debug|Any CPU.ActiveCfg = Debug|Any CPU
		{2CD728A0-8EED-43EC-B680-C8D6F529AD37}.Debug|Any CPU.Build.0 = Debug|Any CPU
		{2CD728A0-8EED-43EC-B680-C8D6F529AD37}.Release|Any CPU.ActiveCfg = Release|Any CPU
		{2CD728A0-8EED-43EC-B680-C8D6F529AD37}.Release|Any CPU.Build.0 = Release|Any CPU
		{90E7883B-A836-4FF2-9A8C-350584485858}.Debug|Any CPU.ActiveCfg = Debug|Any CPU
		{90E7883B-A836-4FF2-9A8C-350584485858}.Debug|Any CPU.Build.0 = Debug|Any CPU
		{90E7883B-A836-4FF2-9A8C-350584485858}.Release|Any CPU.ActiveCfg = Release|Any CPU
		{90E7883B-A836-4FF2-9A8C-350584485858}.Release|Any CPU.Build.0 = Release|Any CPU
		{C03FF6C3-3093-446A-BD2A-A4400D0201ED}.Debug|Any CPU.ActiveCfg = Debug|Any CPU
		{C03FF6C3-3093-446A-BD2A-A4400D0201ED}.Debug|Any CPU.Build.0 = Debug|Any CPU
		{C03FF6C3-3093-446A-BD2A-A4400D0201ED}.Release|Any CPU.ActiveCfg = Release|Any CPU
		{C03FF6C3-3093-446A-BD2A-A4400D0201ED}.Release|Any CPU.Build.0 = Release|Any CPU
		{A678C03A-2448-4E11-86AC-2A54473B0278}.Debug|Any CPU.ActiveCfg = Debug|Any CPU
		{A678C03A-2448-4E11-86AC-2A54473B0278}.Debug|Any CPU.Build.0 = Debug|Any CPU
		{A678C03A-2448-4E11-86AC-2A54473B0278}.Release|Any CPU.ActiveCfg = Release|Any CPU
		{A678C03A-2448-4E11-86AC-2A54473B0278}.Release|Any CPU.Build.0 = Release|Any CPU
	EndGlobalSection
	GlobalSection(SolutionProperties) = preSolution
		HideSolutionNode = FALSE
	EndGlobalSection
	GlobalSection(NestedProjects) = preSolution
		{9D9E9753-BBEC-4976-818A-2A29A7DCC562} = {DAF95056-C81F-4239-B546-D84452EBE9BB}
		{DAF95056-C81F-4239-B546-D84452EBE9BB} = {F0726F82-7FA1-474A-94D9-75FA0A030E71}
		{42708C15-42E1-4ADA-B3E9-E1D631F41A40} = {F0726F82-7FA1-474A-94D9-75FA0A030E71}
		{F66796AF-5BE2-48E5-A186-CEA822605757} = {42708C15-42E1-4ADA-B3E9-E1D631F41A40}
		{4543EEAC-196F-4F7F-BC72-3298FA1D77C8} = {F0726F82-7FA1-474A-94D9-75FA0A030E71}
		{2CD728A0-8EED-43EC-B680-C8D6F529AD37} = {4543EEAC-196F-4F7F-BC72-3298FA1D77C8}
		{90E7883B-A836-4FF2-9A8C-350584485858} = {42708C15-42E1-4ADA-B3E9-E1D631F41A40}
		{C03FF6C3-3093-446A-BD2A-A4400D0201ED} = {42708C15-42E1-4ADA-B3E9-E1D631F41A40}
		{145575CD-5B24-481E-87AA-30767D37D684} = {F0726F82-7FA1-474A-94D9-75FA0A030E71}
		{A678C03A-2448-4E11-86AC-2A54473B0278} = {145575CD-5B24-481E-87AA-30767D37D684}
	EndGlobalSection
	GlobalSection(ExtensibilityGlobals) = postSolution
		SolutionGuid = {4B98AF97-83D4-4700-9A02-EC1A149DC96A}
	EndGlobalSection
EndGlobal
